
Microsoft Visual Studio Solution File, Format Version 12.00
# Visual Studio Version 17
VisualStudioVersion = 17.2.32602.215
MinimumVisualStudioVersion = 10.0.40219.1
Project("{9A19103F-16F7-4668-BE54-9A1E7A4F7556}") = "SRT to FCPXML GUI", "SRT to FCPXML GUI\SRT to FCPXML GUI.csproj", "{9750099F-E427-4D30-8EC4-ABBE8222AEFB}"
EndProject
Global
	GlobalSection(SolutionConfigurationPlatforms) = preSolution
		Debug|Any CPU = Debug|Any CPU
		Release|Any CPU = Release|Any CPU
	EndGlobalSection
	GlobalSection(ProjectConfigurationPlatforms) = postSolution
		{9750099F-E427-4D30-8EC4-ABBE8222AEFB}.Debug|Any CPU.ActiveCfg = Debug|Any CPU
		{9750099F-E427-4D30-8EC4-ABBE8222AEFB}.Debug|Any CPU.Build.0 = Debug|Any CPU
		{9750099F-E427-4D30-8EC4-ABBE8222AEFB}.Release|Any CPU.ActiveCfg = Release|Any CPU
		{9750099F-E427-4D30-8EC4-ABBE8222AEFB}.Release|Any CPU.Build.0 = Release|Any CPU
	EndGlobalSection
	GlobalSection(SolutionProperties) = preSolution
		HideSolutionNode = FALSE
	EndGlobalSection
	GlobalSection(ExtensibilityGlobals) = postSolution
		SolutionGuid = {65D729D3-F26F-49BC-9618-3EA8601D7DE6}
	EndGlobalSection
EndGlobal
